PODS:
  - SDWebImage (4.4.6):
    - SDWebImage/Core (= 4.4.6)
  - SDWebImage/Core (4.4.6)
  - TATSDK (1.0.0)

DEPENDENCIES:
  - SDWebImage (~> 4.0)
  - TATSDK (= 1.0.0)

SPEC REPOS:
  https://github.com/cocoapods/specs.git:
    - SDWebImage
    - TATSDK

SPEC CHECKSUMS:
  SDWebImage: 3f3f0c02f09798048c47a5ed0a13f17b063572d8
  TATSDK: 2d5456233d1d449dd5995b5e8f6fe448044dcf57

PODFILE CHECKSUM: d6656b0b9a1d6bc772cfd5b2d4f30f7b98213af4

COCOAPODS: 1.6.1
